
Microsoft Visual Studio Solution File, Format Version 12.00
# Visual Studio Version 16
VisualStudioVersion = 16.0.29613.14
MinimumVisualStudioVersion = 10.0.40219.1
Project("{9A19103F-16F7-4668-BE54-9A1E7A4F7556}") = "AccountService", "AccountService\AccountService.csproj", "{24000DD8-690B-4986-B0AF-455301D7CBF9}"
EndProject
Project("{FAE04EC0-301F-11D3-BF4B-00C04F79EFBC}") = "AccountClientTestProject", "AccountClientTestProject\AccountClientTestProject.csproj", "{B47E1A89-C226-4B62-B738-A034538B1CA3}"
EndProject
Global
	GlobalSection(SolutionConfigurationPlatforms) = preSolution
		Debug|Any CPU = Debug|Any CPU
		Release|Any CPU = Release|Any CPU
	EndGlobalSection
	GlobalSection(ProjectConfigurationPlatforms) = postSolution
		{24000DD8-690B-4986-B0AF-455301D7CBF9}.Debug|Any CPU.ActiveCfg = Debug|Any CPU
		{24000DD8-690B-4986-B0AF-455301D7CBF9}.Debug|Any CPU.Build.0 = Debug|Any CPU
		{24000DD8-690B-4986-B0AF-455301D7CBF9}.Release|Any CPU.ActiveCfg = Release|Any CPU
		{24000DD8-690B-4986-B0AF-455301D7CBF9}.Release|Any CPU.Build.0 = Release|Any CPU
		{B47E1A89-C226-4B62-B738-A034538B1CA3}.Debug|Any CPU.ActiveCfg = Debug|Any CPU
		{B47E1A89-C226-4B62-B738-A034538B1CA3}.Debug|Any CPU.Build.0 = Debug|Any CPU
		{B47E1A89-C226-4B62-B738-A034538B1CA3}.Release|Any CPU.ActiveCfg = Release|Any CPU
		{B47E1A89-C226-4B62-B738-A034538B1CA3}.Release|Any CPU.Build.0 = Release|Any CPU
	EndGlobalSection
	GlobalSection(SolutionProperties) = preSolution
		HideSolutionNode = FALSE
	EndGlobalSection
	GlobalSection(ExtensibilityGlobals) = postSolution
		SolutionGuid = {13E7710C-7719-45A2-9F74-39F6972D3FB2}
	EndGlobalSection
EndGlobal
